
Microsoft Visual Studio Solution File, Format Version 12.00
# Visual Studio Version 17
VisualStudioVersion = 17.9.34728.123
MinimumVisualStudioVersion = 10.0.40219.1
Project("{FAE04EC0-301F-11D3-BF4B-00C04F79EFBC}") = "ParallelProcessing", "ParallelProcessing\ParallelProcessing.csproj", "{E57F6DE1-828E-48F3-9A17-6B4E6BB6269C}"
EndProject
Project("{9A19103F-16F7-4668-BE54-9A1E7A4F7556}") = "ParallelPractice", "ParallelPractice\ParallelPractice.csproj", "{AF1315A2-4395-474E-AC62-BEC194A80F35}"
EndProject
Project("{FAE04EC0-301F-11D3-BF4B-00C04F79EFBC}") = "BenchmarkDotnet", "BenchmarkDotnet\BenchmarkDotnet.csproj", "{0675F8A9-96E2-4F8F-A484-55539171D8BB}"
EndProject
Global
	GlobalSection(SolutionConfigurationPlatforms) = preSolution
		Debug|Any CPU = Debug|Any CPU
		Release|Any CPU = Release|Any CPU
	EndGlobalSection
	GlobalSection(ProjectConfigurationPlatforms) = postSolution
		{E57F6DE1-828E-48F3-9A17-6B4E6BB6269C}.Debug|Any CPU.ActiveCfg = Debug|Any CPU
		{E57F6DE1-828E-48F3-9A17-6B4E6BB6269C}.Debug|Any CPU.Build.0 = Debug|Any CPU
		{E57F6DE1-828E-48F3-9A17-6B4E6BB6269C}.Release|Any CPU.ActiveCfg = Release|Any CPU
		{E57F6DE1-828E-48F3-9A17-6B4E6BB6269C}.Release|Any CPU.Build.0 = Release|Any CPU
		{AF1315A2-4395-474E-AC62-BEC194A80F35}.Debug|Any CPU.ActiveCfg = Debug|Any CPU
		{AF1315A2-4395-474E-AC62-BEC194A80F35}.Debug|Any CPU.Build.0 = Debug|Any CPU
		{AF1315A2-4395-474E-AC62-BEC194A80F35}.Release|Any CPU.ActiveCfg = Release|Any CPU
		{AF1315A2-4395-474E-AC62-BEC194A80F35}.Release|Any CPU.Build.0 = Release|Any CPU
		{0675F8A9-96E2-4F8F-A484-55539171D8BB}.Debug|Any CPU.ActiveCfg = Debug|Any CPU
		{0675F8A9-96E2-4F8F-A484-55539171D8BB}.Debug|Any CPU.Build.0 = Debug|Any CPU
		{0675F8A9-96E2-4F8F-A484-55539171D8BB}.Release|Any CPU.ActiveCfg = Release|Any CPU
		{0675F8A9-96E2-4F8F-A484-55539171D8BB}.Release|Any CPU.Build.0 = Release|Any CPU
	EndGlobalSection
	GlobalSection(SolutionProperties) = preSolution
		HideSolutionNode = FALSE
	EndGlobalSection
	GlobalSection(ExtensibilityGlobals) = postSolution
		SolutionGuid = {9B237511-8336-4F2B-86CF-1A0CBA8F6EF2}
	EndGlobalSection
EndGlobal
