
Microsoft Visual Studio Solution File, Format Version 12.00
# Visual Studio Version 17
VisualStudioVersion = 17.9.34728.123
MinimumVisualStudioVersion = 10.0.40219.1
Project("{FAE04EC0-301F-11D3-BF4B-00C04F79EFBC}") = "ParallelProcessing", "ParallelProcessing\ParallelProcessing.csproj", "{E57F6DE1-828E-48F3-9A17-6B4E6BB6269C}"
EndProject
Global
	GlobalSection(SolutionConfigurationPlatforms) = preSolution
		Debug|Any CPU = Debug|Any CPU
		Release|Any CPU = Release|Any CPU
	EndGlobalSection
	GlobalSection(ProjectConfigurationPlatforms) = postSolution
		{E57F6DE1-828E-48F3-9A17-6B4E6BB6269C}.Debug|Any CPU.ActiveCfg = Debug|Any CPU
		{E57F6DE1-828E-48F3-9A17-6B4E6BB6269C}.Debug|Any CPU.Build.0 = Debug|Any CPU
		{E57F6DE1-828E-48F3-9A17-6B4E6BB6269C}.Release|Any CPU.ActiveCfg = Release|Any CPU
		{E57F6DE1-828E-48F3-9A17-6B4E6BB6269C}.Release|Any CPU.Build.0 = Release|Any CPU
	EndGlobalSection
	GlobalSection(SolutionProperties) = preSolution
		HideSolutionNode = FALSE
	EndGlobalSection
	GlobalSection(ExtensibilityGlobals) = postSolution
		SolutionGuid = {9B237511-8336-4F2B-86CF-1A0CBA8F6EF2}
	EndGlobalSection
EndGlobal
